{
  "name": "duktig-proj",
  "lockfileVersion": 2,
  "requires": true,
  "packages": {
    "": {
      "dependencies": {
        "local-ip-address": "^1.0.0"
      }
    },
    "node_modules/local-ip-address": {
      "version": "1.0.0",
      "resolved": "https://registry.npmjs.org/local-ip-address/-/local-ip-address-1.0.0.tgz",
      "integrity": "sha512-hTl+DhvcAAJZ4hHODwBzesm9RsT2r9FSFYCVtgGHadNiI66FxCrTZHtwvzfGte0JrQi1rDPyOd2VKpYMzNSuyw=="
    }
  },
  "dependencies": {
    "local-ip-address": {
      "version": "1.0.0",
      "resolved": "https://registry.npmjs.org/local-ip-address/-/local-ip-address-1.0.0.tgz",
      "integrity": "sha512-hTl+DhvcAAJZ4hHODwBzesm9RsT2r9FSFYCVtgGHadNiI66FxCrTZHtwvzfGte0JrQi1rDPyOd2VKpYMzNSuyw=="
    }
  }
}
